
Microsoft Visual Studio Solution File, Format Version 12.00
# Visual Studio Version 16
VisualStudioVersion = 16.0.29709.97
MinimumVisualStudioVersion = 10.0.40219.1
Project("{FAE04EC0-301F-11D3-BF4B-00C04F79EFBC}") = "Calc.Main", "Calc.Main\Calc.Main.csproj", "{F6039873-B66F-4725-8F6D-6A3324B732C2}"
EndProject
Project("{FAE04EC0-301F-11D3-BF4B-00C04F79EFBC}") = "Calc.Services", "Calc.Services\Calc.Services.csproj", "{CF3C3172-AA1C-40EB-AA7A-1D91CA4E0A46}"
EndProject
Project("{FAE04EC0-301F-11D3-BF4B-00C04F79EFBC}") = "Calc.Core", "Calc.Core\Calc.Core.csproj", "{85D209E0-2D07-44E5-86F1-A35C64FBB39F}"
EndProject
Project("{FAE04EC0-301F-11D3-BF4B-00C04F79EFBC}") = "Calc.Entities", "Calc.Entities\Calc.Entities.csproj", "{9D5A7100-4FA3-46C3-AEAF-0300B6880FCC}"
EndProject
Project("{FAE04EC0-301F-11D3-BF4B-00C04F79EFBC}") = "Calc.Tests", "Calc.Tests\Calc.Tests.csproj", "{28A5816A-C1FD-45EC-A5A3-C730A6A19397}"
EndProject
Project("{FAE04EC0-301F-11D3-BF4B-00C04F79EFBC}") = "Calc.Dal", "Calc.Dal\Calc.Dal.csproj", "{ACF7FC21-51D7-4068-B64F-12B773C34CCE}"
EndProject
Global
	GlobalSection(SolutionConfigurationPlatforms) = preSolution
		Debug|Any CPU = Debug|Any CPU
		Release|Any CPU = Release|Any CPU
	EndGlobalSection
	GlobalSection(ProjectConfigurationPlatforms) = postSolution
		{F6039873-B66F-4725-8F6D-6A3324B732C2}.Debug|Any CPU.ActiveCfg = Debug|Any CPU
		{F6039873-B66F-4725-8F6D-6A3324B732C2}.Debug|Any CPU.Build.0 = Debug|Any CPU
		{F6039873-B66F-4725-8F6D-6A3324B732C2}.Release|Any CPU.ActiveCfg = Release|Any CPU
		{F6039873-B66F-4725-8F6D-6A3324B732C2}.Release|Any CPU.Build.0 = Release|Any CPU
		{CF3C3172-AA1C-40EB-AA7A-1D91CA4E0A46}.Debug|Any CPU.ActiveCfg = Debug|Any CPU
		{CF3C3172-AA1C-40EB-AA7A-1D91CA4E0A46}.Debug|Any CPU.Build.0 = Debug|Any CPU
		{CF3C3172-AA1C-40EB-AA7A-1D91CA4E0A46}.Release|Any CPU.ActiveCfg = Release|Any CPU
		{CF3C3172-AA1C-40EB-AA7A-1D91CA4E0A46}.Release|Any CPU.Build.0 = Release|Any CPU
		{85D209E0-2D07-44E5-86F1-A35C64FBB39F}.Debug|Any CPU.ActiveCfg = Debug|Any CPU
		{85D209E0-2D07-44E5-86F1-A35C64FBB39F}.Debug|Any CPU.Build.0 = Debug|Any CPU
		{85D209E0-2D07-44E5-86F1-A35C64FBB39F}.Release|Any CPU.ActiveCfg = Release|Any CPU
		{85D209E0-2D07-44E5-86F1-A35C64FBB39F}.Release|Any CPU.Build.0 = Release|Any CPU
		{9D5A7100-4FA3-46C3-AEAF-0300B6880FCC}.Debug|Any CPU.ActiveCfg = Debug|Any CPU
		{9D5A7100-4FA3-46C3-AEAF-0300B6880FCC}.Debug|Any CPU.Build.0 = Debug|Any CPU
		{9D5A7100-4FA3-46C3-AEAF-0300B6880FCC}.Release|Any CPU.ActiveCfg = Release|Any CPU
		{9D5A7100-4FA3-46C3-AEAF-0300B6880FCC}.Release|Any CPU.Build.0 = Release|Any CPU
		{28A5816A-C1FD-45EC-A5A3-C730A6A19397}.Debug|Any CPU.ActiveCfg = Debug|Any CPU
		{28A5816A-C1FD-45EC-A5A3-C730A6A19397}.Debug|Any CPU.Build.0 = Debug|Any CPU
		{28A5816A-C1FD-45EC-A5A3-C730A6A19397}.Release|Any CPU.ActiveCfg = Release|Any CPU
		{28A5816A-C1FD-45EC-A5A3-C730A6A19397}.Release|Any CPU.Build.0 = Release|Any CPU
		{ACF7FC21-51D7-4068-B64F-12B773C34CCE}.Debug|Any CPU.ActiveCfg = Debug|Any CPU
		{ACF7FC21-51D7-4068-B64F-12B773C34CCE}.Debug|Any CPU.Build.0 = Debug|Any CPU
		{ACF7FC21-51D7-4068-B64F-12B773C34CCE}.Release|Any CPU.ActiveCfg = Release|Any CPU
		{ACF7FC21-51D7-4068-B64F-12B773C34CCE}.Release|Any CPU.Build.0 = Release|Any CPU
	EndGlobalSection
	GlobalSection(SolutionProperties) = preSolution
		HideSolutionNode = FALSE
	EndGlobalSection
	GlobalSection(ExtensibilityGlobals) = postSolution
		SolutionGuid = {E5CDB794-FBDE-4F66-9DEC-B07908654CD3}
	EndGlobalSection
EndGlobal
